PODS:
  - UMengUShare/Core (6.4.4):
    - UMengUShare/Network
  - UMengUShare/Network (6.4.4)
  - UMengUShare/Social/ReducedQQ (6.4.4):
    - UMengUShare/Core
  - UMengUShare/Social/ReducedSina (6.4.4):
    - UMengUShare/Core
  - UMengUShare/Social/ReducedWeChat (6.4.4):
    - UMengUShare/Core
  - UMengUShare/UI (6.4.4):
    - UMengUShare/Core

DEPENDENCIES:
  - UMengUShare/Social/ReducedQQ
  - UMengUShare/Social/ReducedSina
  - UMengUShare/Social/ReducedWeChat
  - UMengUShare/UI

SPEC CHECKSUMS:
  UMengUShare: cd54ae52958426b79aa9193a7b02058d6a6d9aa0

PODFILE CHECKSUM: a80d9289dae4b353f04b88b1e6a5d35a0a2d22e2

COCOAPODS: 1.2.1
